
Microsoft Visual Studio Solution File, Format Version 12.00
# Visual Studio Version 16
VisualStudioVersion = 16.0.31624.102
MinimumVisualStudioVersion = 10.0.40219.1
Project("{FAE04EC0-301F-11D3-BF4B-00C04F79EFBC}") = "ameameame", "ameameame\ameameame.csproj", "{D25AC9D7-6A3C-44DD-8AF9-8A8A25330727}"
EndProject
Global
	GlobalSection(SolutionConfigurationPlatforms) = preSolution
		Debug|Any CPU = Debug|Any CPU
		Release|Any CPU = Release|Any CPU
	EndGlobalSection
	GlobalSection(ProjectConfigurationPlatforms) = postSolution
		{D25AC9D7-6A3C-44DD-8AF9-8A8A25330727}.Debug|Any CPU.ActiveCfg = Debug|Any CPU
		{D25AC9D7-6A3C-44DD-8AF9-8A8A25330727}.Debug|Any CPU.Build.0 = Debug|Any CPU
		{D25AC9D7-6A3C-44DD-8AF9-8A8A25330727}.Release|Any CPU.ActiveCfg = Release|Any CPU
		{D25AC9D7-6A3C-44DD-8AF9-8A8A25330727}.Release|Any CPU.Build.0 = Release|Any CPU
	EndGlobalSection
	GlobalSection(SolutionProperties) = preSolution
		HideSolutionNode = FALSE
	EndGlobalSection
	GlobalSection(ExtensibilityGlobals) = postSolution
		SolutionGuid = {C68D817C-9968-4E5D-85B1-9CE0B41A16B1}
	EndGlobalSection
EndGlobal
